# THIS IS AN AUTOGENERATED FILE. DO NOT EDIT THIS FILE DIRECTLY.
# yarn lockfile v1


"@darwinia/contracts-utils@^1.0.4":
  version "1.0.4"
  resolved "https://registry.yarnpkg.com/@darwinia/contracts-utils/-/contracts-utils-1.0.4.tgz#d4efe4edd94827c446207932246b72b32e13ce31"
  integrity sha512-8y7iws6roWGF/jHB0y8fEO7lwdy7vq3OiJzuA432v3nmufbELR1bzvkeNLN+rMlnIowMVMp2pGsvYH/Votsi1g==
